
Microsoft Visual Studio Solution File, Format Version 12.00
# Visual Studio Version 17
VisualStudioVersion = 17.0.31903.59
MinimumVisualStudioVersion = 10.0.40219.1
Project("{FAE04EC0-301F-11D3-BF4B-00C04F79EFBC}") = "Softplan.API", "Softplan.API\Softplan.API.csproj", "{F627B8A8-6FE9-48C1-B0BD-E9A9C2748277}"
EndProject
Project("{FAE04EC0-301F-11D3-BF4B-00C04F79EFBC}") = "Softplan.API.UnitTests", "Softplan.API.UnitTests\Softplan.API.UnitTests.csproj", "{02149CDD-EE94-433A-8431-DBDA1D0858C7}"
EndProject
Project("{FAE04EC0-301F-11D3-BF4B-00C04F79EFBC}") = "Softplan.API.IntegrationTests", "Softplan.API.IntegrationTests\Softplan.API.IntegrationTests.csproj", "{77A506B2-8C0F-45CF-AB27-8C9ECFE3B17F}"
EndProject
Global
	GlobalSection(SolutionConfigurationPlatforms) = preSolution
		Debug|Any CPU = Debug|Any CPU
		Debug|x64 = Debug|x64
		Debug|x86 = Debug|x86
		Release|Any CPU = Release|Any CPU
		Release|x64 = Release|x64
		Release|x86 = Release|x86
	EndGlobalSection
	GlobalSection(ProjectConfigurationPlatforms) = postSolution
		{F627B8A8-6FE9-48C1-B0BD-E9A9C2748277}.Debug|Any CPU.ActiveCfg = Debug|Any CPU
		{F627B8A8-6FE9-48C1-B0BD-E9A9C2748277}.Debug|Any CPU.Build.0 = Debug|Any CPU
		{F627B8A8-6FE9-48C1-B0BD-E9A9C2748277}.Debug|x64.ActiveCfg = Debug|Any CPU
		{F627B8A8-6FE9-48C1-B0BD-E9A9C2748277}.Debug|x64.Build.0 = Debug|Any CPU
		{F627B8A8-6FE9-48C1-B0BD-E9A9C2748277}.Debug|x86.ActiveCfg = Debug|Any CPU
		{F627B8A8-6FE9-48C1-B0BD-E9A9C2748277}.Debug|x86.Build.0 = Debug|Any CPU
		{F627B8A8-6FE9-48C1-B0BD-E9A9C2748277}.Release|Any CPU.ActiveCfg = Release|Any CPU
		{F627B8A8-6FE9-48C1-B0BD-E9A9C2748277}.Release|Any CPU.Build.0 = Release|Any CPU
		{F627B8A8-6FE9-48C1-B0BD-E9A9C2748277}.Release|x64.ActiveCfg = Release|Any CPU
		{F627B8A8-6FE9-48C1-B0BD-E9A9C2748277}.Release|x64.Build.0 = Release|Any CPU
		{F627B8A8-6FE9-48C1-B0BD-E9A9C2748277}.Release|x86.ActiveCfg = Release|Any CPU
		{F627B8A8-6FE9-48C1-B0BD-E9A9C2748277}.Release|x86.Build.0 = Release|Any CPU
		{02149CDD-EE94-433A-8431-DBDA1D0858C7}.Debug|Any CPU.ActiveCfg = Debug|Any CPU
		{02149CDD-EE94-433A-8431-DBDA1D0858C7}.Debug|Any CPU.Build.0 = Debug|Any CPU
		{02149CDD-EE94-433A-8431-DBDA1D0858C7}.Debug|x64.ActiveCfg = Debug|Any CPU
		{02149CDD-EE94-433A-8431-DBDA1D0858C7}.Debug|x64.Build.0 = Debug|Any CPU
		{02149CDD-EE94-433A-8431-DBDA1D0858C7}.Debug|x86.ActiveCfg = Debug|Any CPU
		{02149CDD-EE94-433A-8431-DBDA1D0858C7}.Debug|x86.Build.0 = Debug|Any CPU
		{02149CDD-EE94-433A-8431-DBDA1D0858C7}.Release|Any CPU.ActiveCfg = Release|Any CPU
		{02149CDD-EE94-433A-8431-DBDA1D0858C7}.Release|Any CPU.Build.0 = Release|Any CPU
		{02149CDD-EE94-433A-8431-DBDA1D0858C7}.Release|x64.ActiveCfg = Release|Any CPU
		{02149CDD-EE94-433A-8431-DBDA1D0858C7}.Release|x64.Build.0 = Release|Any CPU
		{02149CDD-EE94-433A-8431-DBDA1D0858C7}.Release|x86.ActiveCfg = Release|Any CPU
		{02149CDD-EE94-433A-8431-DBDA1D0858C7}.Release|x86.Build.0 = Release|Any CPU
		{77A506B2-8C0F-45CF-AB27-8C9ECFE3B17F}.Debug|Any CPU.ActiveCfg = Debug|Any CPU
		{77A506B2-8C0F-45CF-AB27-8C9ECFE3B17F}.Debug|Any CPU.Build.0 = Debug|Any CPU
		{77A506B2-8C0F-45CF-AB27-8C9ECFE3B17F}.Debug|x64.ActiveCfg = Debug|Any CPU
		{77A506B2-8C0F-45CF-AB27-8C9ECFE3B17F}.Debug|x64.Build.0 = Debug|Any CPU
		{77A506B2-8C0F-45CF-AB27-8C9ECFE3B17F}.Debug|x86.ActiveCfg = Debug|Any CPU
		{77A506B2-8C0F-45CF-AB27-8C9ECFE3B17F}.Debug|x86.Build.0 = Debug|Any CPU
		{77A506B2-8C0F-45CF-AB27-8C9ECFE3B17F}.Release|Any CPU.ActiveCfg = Release|Any CPU
		{77A506B2-8C0F-45CF-AB27-8C9ECFE3B17F}.Release|Any CPU.Build.0 = Release|Any CPU
		{77A506B2-8C0F-45CF-AB27-8C9ECFE3B17F}.Release|x64.ActiveCfg = Release|Any CPU
		{77A506B2-8C0F-45CF-AB27-8C9ECFE3B17F}.Release|x64.Build.0 = Release|Any CPU
		{77A506B2-8C0F-45CF-AB27-8C9ECFE3B17F}.Release|x86.ActiveCfg = Release|Any CPU
		{77A506B2-8C0F-45CF-AB27-8C9ECFE3B17F}.Release|x86.Build.0 = Release|Any CPU
	EndGlobalSection
	GlobalSection(SolutionProperties) = preSolution
		HideSolutionNode = FALSE
	EndGlobalSection
EndGlobal
